{
  "lockfileVersion": 1,
  "configVersion": 1,
  "workspaces": {
    "": {
      "name": "retroarch-effect-quickjs-probe",
      "dependencies": {
        "@kayahr/text-encoding": "2.2.0",
        "whatwg-url": "17.1.1",
      },
      "devDependencies": {
        "@types/whatwg-url": "13.0.0",
      },
    },
  },
  "packages": {
    "@exodus/bytes": ["@exodus/bytes@1.15.1", "", { "peerDependencies": { "@noble/hashes": "^1.8.0 || ^2.0.0" }, "optionalPeers": ["@noble/hashes"] }, "sha512-S6mL0yNB/Abt9Ei4tq8gDhcczc4S3+vQ4ra7vxnAf+YHC02srtqxKKZghx2Dq6p0e66THKwR6r8N6P95wEty7Q=="],

    "@kayahr/text-encoding": ["@kayahr/text-encoding@2.2.0", "", {}, "sha512-9jjWumQ9+fI1SfiRo1oSqMm4Wz95A/XtRDXB1C4pyNLo8HhtiyZMAzVPGplhMreymaroGyPqRyOy3h+3khPJVg=="],

    "@types/webidl-conversions": ["@types/webidl-conversions@7.0.3", "", {}, "sha512-CiJJvcRtIgzadHCYXw7dqEnMNRjhGZlYK05Mj9OyktqV8uVT8fD2BFOB7S1uwBE3Kj2Z+4UyPmFw/Ixgw/LAlA=="],

    "@types/whatwg-url": ["@types/whatwg-url@13.0.0", "", { "dependencies": { "@types/webidl-conversions": "*" } }, "sha512-N8WXpbE6Wgri7KUSvrmQcqrMllKZ9uxkYWMt+mCSGwNc0Hsw9VQTW7ApqI4XNrx6/SaM2QQJCzMPDEXE058s+Q=="],

    "punycode": ["punycode@2.3.1", "", {}, "sha512-vYt7UD1U9Wg6138shLtLOvdAu+8DsC/ilFtEVHcH+wydcSpNE20AfSOduf6MkRFahL5FY7X1oU7nKVZFtfq8Fg=="],

    "tr46": ["tr46@6.0.0", "", { "dependencies": { "punycode": "^2.3.1" } }, "sha512-bLVMLPtstlZ4iMQHpFHTR7GAGj2jxi8Dg0s2h2MafAE4uSWF98FC/3MomU51iQAMf8/qDUbKWf5GxuvvVcXEhw=="],

    "webidl-conversions": ["webidl-conversions@8.0.1", "", {}, "sha512-BMhLD/Sw+GbJC21C/UgyaZX41nPt8bUTg+jWyDeg7e7YN4xOM05YPSIXceACnXVtqyEw/LMClUQMtMZ+PGGpqQ=="],

    "whatwg-url": ["whatwg-url@17.1.1", "", { "dependencies": { "@exodus/bytes": "^1.15.1", "tr46": "^6.0.0", "webidl-conversions": "^8.0.1" } }, "sha512-ohjk1mdUebJVadRt3bAhQhx8lSnISq+GDttK79LFl8EHQkAPvzwctoasC4hs8tBt6kLAncBWWyq1N52qEfKvDw=="],
  }
}
